
Microsoft Visual Studio Solution File, Format Version 12.00
# Visual Studio Version 17
VisualStudioVersion = 17.11.35327.3
MinimumVisualStudioVersion = 10.0.40219.1
Project("{9A19103F-16F7-4668-BE54-9A1E7A4F7556}") = "BudifyAPI.Users", "BudifyAPI.Users\BudifyAPI.Users.csproj", "{0A021542-D39A-47E2-A30D-817F0C12916B}"
EndProject
Global
	GlobalSection(SolutionConfigurationPlatforms) = preSolution
		Debug|Any CPU = Debug|Any CPU
		Release|Any CPU = Release|Any CPU
	EndGlobalSection
	GlobalSection(ProjectConfigurationPlatforms) = postSolution
		{0A021542-D39A-47E2-A30D-817F0C12916B}.Debug|Any CPU.ActiveCfg = Debug|Any CPU
		{0A021542-D39A-47E2-A30D-817F0C12916B}.Debug|Any CPU.Build.0 = Debug|Any CPU
		{0A021542-D39A-47E2-A30D-817F0C12916B}.Release|Any CPU.ActiveCfg = Release|Any CPU
		{0A021542-D39A-47E2-A30D-817F0C12916B}.Release|Any CPU.Build.0 = Release|Any CPU
	EndGlobalSection
	GlobalSection(SolutionProperties) = preSolution
		HideSolutionNode = FALSE
	EndGlobalSection
	GlobalSection(ExtensibilityGlobals) = postSolution
		SolutionGuid = {80FEFC48-1AF9-446F-8C44-C9A83CE8CA2D}
	EndGlobalSection
EndGlobal
